
Microsoft Visual Studio Solution File, Format Version 12.00
# Visual Studio Version 17
VisualStudioVersion = 17.13.35825.156
MinimumVisualStudioVersion = 10.0.40219.1
Project("{FAE04EC0-301F-11D3-BF4B-00C04F79EFBC}") = "BusinessReportManager.Api", "BusinessReportManager.Api\BusinessReportManager.Api.csproj", "{5E9156F8-4E52-4716-B406-7471C24541F8}"
EndProject
Project("{FAE04EC0-301F-11D3-BF4B-00C04F79EFBC}") = "BusinessReportManager.Domain", "BusinessReportManager.Domain\BusinessReportManager.Domain.csproj", "{28582166-AB59-43C9-84CA-728D6F49F955}"
EndProject
Project("{FAE04EC0-301F-11D3-BF4B-00C04F79EFBC}") = "BusinessReportManager.Application", "BusinessReportManager.Application\BusinessReportManager.Application.csproj", "{3885E8DD-3AFA-42C2-BA54-12F9C9A141E2}"
EndProject
Global
	GlobalSection(SolutionConfigurationPlatforms) = preSolution
		Debug|Any CPU = Debug|Any CPU
		Release|Any CPU = Release|Any CPU
	EndGlobalSection
	GlobalSection(ProjectConfigurationPlatforms) = postSolution
		{5E9156F8-4E52-4716-B406-7471C24541F8}.Debug|Any CPU.ActiveCfg = Debug|Any CPU
		{5E9156F8-4E52-4716-B406-7471C24541F8}.Debug|Any CPU.Build.0 = Debug|Any CPU
		{5E9156F8-4E52-4716-B406-7471C24541F8}.Release|Any CPU.ActiveCfg = Release|Any CPU
		{5E9156F8-4E52-4716-B406-7471C24541F8}.Release|Any CPU.Build.0 = Release|Any CPU
		{28582166-AB59-43C9-84CA-728D6F49F955}.Debug|Any CPU.ActiveCfg = Debug|Any CPU
		{28582166-AB59-43C9-84CA-728D6F49F955}.Debug|Any CPU.Build.0 = Debug|Any CPU
		{28582166-AB59-43C9-84CA-728D6F49F955}.Release|Any CPU.ActiveCfg = Release|Any CPU
		{28582166-AB59-43C9-84CA-728D6F49F955}.Release|Any CPU.Build.0 = Release|Any CPU
		{3885E8DD-3AFA-42C2-BA54-12F9C9A141E2}.Debug|Any CPU.ActiveCfg = Debug|Any CPU
		{3885E8DD-3AFA-42C2-BA54-12F9C9A141E2}.Debug|Any CPU.Build.0 = Debug|Any CPU
		{3885E8DD-3AFA-42C2-BA54-12F9C9A141E2}.Release|Any CPU.ActiveCfg = Release|Any CPU
		{3885E8DD-3AFA-42C2-BA54-12F9C9A141E2}.Release|Any CPU.Build.0 = Release|Any CPU
	EndGlobalSection
	GlobalSection(SolutionProperties) = preSolution
		HideSolutionNode = FALSE
	EndGlobalSection
	GlobalSection(ExtensibilityGlobals) = postSolution
		SolutionGuid = {1DD8265B-FFEB-416C-A97A-395EB595648D}
	EndGlobalSection
EndGlobal
