
Microsoft Visual Studio Solution File, Format Version 12.00
# Visual Studio Version 17
VisualStudioVersion = 17.13.35825.156 d17.13
MinimumVisualStudioVersion = 10.0.40219.1
Project("{FAE04EC0-301F-11D3-BF4B-00C04F79EFBC}") = "BuisnessReportsManager", "BuisnessReportsManager.csproj", "{C9B3BDD0-F4A7-48CF-80C3-D47B79F13E65}"
EndProject
Global
	GlobalSection(SolutionConfigurationPlatforms) = preSolution
		Debug|Any CPU = Debug|Any CPU
		Release|Any CPU = Release|Any CPU
	EndGlobalSection
	GlobalSection(ProjectConfigurationPlatforms) = postSolution
		{C9B3BDD0-F4A7-48CF-80C3-D47B79F13E65}.Debug|Any CPU.ActiveCfg = Debug|Any CPU
		{C9B3BDD0-F4A7-48CF-80C3-D47B79F13E65}.Debug|Any CPU.Build.0 = Debug|Any CPU
		{C9B3BDD0-F4A7-48CF-80C3-D47B79F13E65}.Release|Any CPU.ActiveCfg = Release|Any CPU
		{C9B3BDD0-F4A7-48CF-80C3-D47B79F13E65}.Release|Any CPU.Build.0 = Release|Any CPU
	EndGlobalSection
	GlobalSection(SolutionProperties) = preSolution
		HideSolutionNode = FALSE
	EndGlobalSection
	GlobalSection(ExtensibilityGlobals) = postSolution
		SolutionGuid = {8E1F191A-8ACE-48DD-864A-670619D754D8}
	EndGlobalSection
EndGlobal
